
Microsoft Visual Studio Solution File, Format Version 12.00
# Visual Studio 15
VisualStudioVersion = 15.0.27004.2008
MinimumVisualStudioVersion = 10.0.40219.1
Project("{FAE04EC0-301F-11D3-BF4B-00C04F79EFBC}") = "ContactsApp", "ContactsApp\ContactsApp.csproj", "{56455381-951C-4D1A-86AE-501B39665D57}"
EndProject
Project("{FAE04EC0-301F-11D3-BF4B-00C04F79EFBC}") = "ContactDAL", "ContactDAL\ContactDAL.csproj", "{3F5ADF13-7A02-4166-A47D-85BEEE2A8797}"
EndProject
Project("{FAE04EC0-301F-11D3-BF4B-00C04F79EFBC}") = "ContactsWebApi", "ContactsWebApi\ContactsWebApi.csproj", "{7772051F-A67E-43F4-9D3C-F07D95415439}"
EndProject
Project("{FAE04EC0-301F-11D3-BF4B-00C04F79EFBC}") = "ContactsWebApi.Tests", "ContactsWebApi.Tests\ContactsWebApi.Tests.csproj", "{6A4854E8-26AE-4F86-BEC4-322B922991A7}"
EndProject
Project("{FAE04EC0-301F-11D3-BF4B-00C04F79EFBC}") = "ContactBLL", "ContactBLL\ContactBLL.csproj", "{84D9131E-50E8-4AD8-90A8-F1DF82A6377C}"
EndProject
Global
	GlobalSection(SolutionConfigurationPlatforms) = preSolution
		Debug|Any CPU = Debug|Any CPU
		Release|Any CPU = Release|Any CPU
	EndGlobalSection
	GlobalSection(ProjectConfigurationPlatforms) = postSolution
		{56455381-951C-4D1A-86AE-501B39665D57}.Debug|Any CPU.ActiveCfg = Debug|Any CPU
		{56455381-951C-4D1A-86AE-501B39665D57}.Debug|Any CPU.Build.0 = Debug|Any CPU
		{56455381-951C-4D1A-86AE-501B39665D57}.Release|Any CPU.ActiveCfg = Release|Any CPU
		{56455381-951C-4D1A-86AE-501B39665D57}.Release|Any CPU.Build.0 = Release|Any CPU
		{3F5ADF13-7A02-4166-A47D-85BEEE2A8797}.Debug|Any CPU.ActiveCfg = Debug|Any CPU
		{3F5ADF13-7A02-4166-A47D-85BEEE2A8797}.Debug|Any CPU.Build.0 = Debug|Any CPU
		{3F5ADF13-7A02-4166-A47D-85BEEE2A8797}.Release|Any CPU.ActiveCfg = Release|Any CPU
		{3F5ADF13-7A02-4166-A47D-85BEEE2A8797}.Release|Any CPU.Build.0 = Release|Any CPU
		{7772051F-A67E-43F4-9D3C-F07D95415439}.Debug|Any CPU.ActiveCfg = Debug|Any CPU
		{7772051F-A67E-43F4-9D3C-F07D95415439}.Debug|Any CPU.Build.0 = Debug|Any CPU
		{7772051F-A67E-43F4-9D3C-F07D95415439}.Release|Any CPU.ActiveCfg = Release|Any CPU
		{7772051F-A67E-43F4-9D3C-F07D95415439}.Release|Any CPU.Build.0 = Release|Any CPU
		{6A4854E8-26AE-4F86-BEC4-322B922991A7}.Debug|Any CPU.ActiveCfg = Debug|Any CPU
		{6A4854E8-26AE-4F86-BEC4-322B922991A7}.Debug|Any CPU.Build.0 = Debug|Any CPU
		{6A4854E8-26AE-4F86-BEC4-322B922991A7}.Release|Any CPU.ActiveCfg = Release|Any CPU
		{6A4854E8-26AE-4F86-BEC4-322B922991A7}.Release|Any CPU.Build.0 = Release|Any CPU
		{84D9131E-50E8-4AD8-90A8-F1DF82A6377C}.Debug|Any CPU.ActiveCfg = Debug|Any CPU
		{84D9131E-50E8-4AD8-90A8-F1DF82A6377C}.Debug|Any CPU.Build.0 = Debug|Any CPU
		{84D9131E-50E8-4AD8-90A8-F1DF82A6377C}.Release|Any CPU.ActiveCfg = Release|Any CPU
		{84D9131E-50E8-4AD8-90A8-F1DF82A6377C}.Release|Any CPU.Build.0 = Release|Any CPU
	EndGlobalSection
	GlobalSection(SolutionProperties) = preSolution
		HideSolutionNode = FALSE
	EndGlobalSection
	GlobalSection(ExtensibilityGlobals) = postSolution
		SolutionGuid = {30E7B64C-9406-4847-8F0F-5D30C32E4769}
	EndGlobalSection
EndGlobal
